// !$*UTF8*$!
{
	archiveVersion = 1;
	classes = {
	};
	objectVersion = 50;
	objects = {

/* Begin PBXBuildFile section */
		3822BBD6265052190013135C /* HomeViewController.swift in Sources */ = {isa = PBXBuildFile; fileRef = 3822BBD5265052190013135C /* HomeViewController.swift */; };
		3822BBD8265052600013135C /* MenuViewController.swift in Sources */ = {isa = PBXBuildFile; fileRef = 3822BBD7265052600013135C /* MenuViewController.swift */; };
		3822BBDE2650DE6C0013135C /* BerkshireSwash-Regular.ttf in Resources */ = {isa = PBXBuildFile; fileRef = 3822BBDC2650DE6C0013135C /* BerkshireSwash-Regular.ttf */; };
		3822BBDF2650DE6C0013135C /* OFL.txt in Resources */ = {isa = PBXBuildFile; fileRef = 3822BBDD2650DE6C0013135C /* OFL.txt */; };
		38DA823E264F7109008ED571 /* AppDelegate.swift in Sources */ = {isa = PBXBuildFile; fileRef = 38DA823D264F7109008ED571 /* AppDelegate.swift */; };
		38DA8240264F7109008ED571 /* art.scnassets in Resources */ = {isa = PBXBuildFile; fileRef = 38DA823F264F7109008ED571 /* art.scnassets */; };
		38DA8242264F7109008ED571 /* ViewController.swift in Sources */ = {isa = PBXBuildFile; fileRef = 38DA8241264F7109008ED571 /* ViewController.swift */; };
		38DA8245264F7109008ED571 /* Main.storyboard in Resources */ = {isa = PBXBuildFile; fileRef = 38DA8243264F7109008ED571 /* Main.storyboard */; };
		38DA8247264F710B008ED571 /* Assets.xcassets in Resources */ = {isa = PBXBuildFile; fileRef = 38DA8246264F710B008ED571 /* Assets.xcassets */; };
		38DA824A264F710B008ED571 /* LaunchScreen.storyboard in Resources */ = {isa = PBXBuildFile; fileRef = 38DA8248264F710B008ED571 /* LaunchScreen.storyboard */; };
/* End PBXBuildFile section */

/* Begin PBXFileReference section */
		3822BBD5265052190013135C /* HomeViewController.swift */ = {isa = PBXFileReference; lastKnownFileType = sourcecode.swift; path = HomeViewController.swift; sourceTree = "<group>"; };
		3822BBD7265052600013135C /* MenuViewController.swift */ = {isa = PBXFileReference; lastKnownFileType = sourcecode.swift; path = MenuViewController.swift; sourceTree = "<group>"; };
		3822BBDC2650DE6C0013135C /* BerkshireSwash-Regular.ttf */ = {isa = PBXFileReference; lastKnownFileType = file; path = "BerkshireSwash-Regular.ttf"; sourceTree = "<group>"; };
		3822BBDD2650DE6C0013135C /* OFL.txt */ = {isa = PBXFileReference; fileEncoding = 4; lastKnownFileType = text; path = OFL.txt; sourceTree = "<group>"; };
		38DA823A264F7109008ED571 /* dinAR.app */ = {isa = PBXFileReference; explicitFileType = wrapper.application; includeInIndex = 0; path = dinAR.app; sourceTree = BUILT_PRODUCTS_DIR; };
		38DA823D264F7109008ED571 /* AppDelegate.swift */ = {isa = PBXFileReference; lastKnownFileType = sourcecode.swift; path = AppDelegate.swift; sourceTree = "<group>"; };
		38DA823F264F7109008ED571 /* art.scnassets */ = {isa = PBXFileReference; lastKnownFileType = wrapper.scnassets; path = art.scnassets; sourceTree = "<group>"; };
		38DA8241264F7109008ED571 /* ViewController.swift */ = {isa = PBXFileReference; lastKnownFileType = sourcecode.swift; path = ViewController.swift; sourceTree = "<group>"; };
		38DA8244264F7109008ED571 /* Base */ = {isa = PBXFileReference; lastKnownFileType = file.storyboard; name = Base; path = Base.lproj/Main.storyboard; sourceTree = "<group>"; };
		38DA8246264F710B008ED571 /* Assets.xcassets */ = {isa = PBXFileReference; lastKnownFileType = folder.assetcatalog; path = Assets.xcassets; sourceTree = "<group>"; };
		38DA8249264F710B008ED571 /* Base */ = {isa = PBXFileReference; lastKnownFileType = file.storyboard; name = Base; path = Base.lproj/LaunchScreen.storyboard; sourceTree = "<group>"; };
		38DA824B264F710B008ED571 /* Info.plist */ = {isa = PBXFileReference; lastKnownFileType = text.plist.xml; path = Info.plist; sourceTree = "<group>"; };
/* End PBXFileReference section */

/* Begin PBXFrameworksBuildPhase section */
		38DA8237264F7109008ED571 /* Frameworks */ = {
			isa = PBXFrameworksBuildPhase;
			buildActionMask = 2147483647;
			files = (
			);
			runOnlyForDeploymentPostprocessing = 0;
		};
/* End PBXFrameworksBuildPhase section */

/* Begin PBXGroup section */
		3822BBD92650DE0B0013135C /* Fonts */ = {
			isa = PBXGroup;
			children = (
				3822BBDC2650DE6C0013135C /* BerkshireSwash-Regular.ttf */,
				3822BBDD2650DE6C0013135C /* OFL.txt */,
			);
			path = Fonts;
			sourceTree = "<group>";
		};
		38DA8231264F7109008ED571 = {
			isa = PBXGroup;
			children = (
				3822BBD92650DE0B0013135C /* Fonts */,
				38DA823C264F7109008ED571 /* dinAR */,
				38DA823B264F7109008ED571 /* Products */,
			);
			sourceTree = "<group>";
		};
		38DA823B264F7109008ED571 /* Products */ = {
			isa = PBXGroup;
			children = (
				38DA823A264F7109008ED571 /* dinAR.app */,
			);
			name = Products;
			sourceTree = "<group>";
		};
		38DA823C264F7109008ED571 /* dinAR */ = {
			isa = PBXGroup;
			children = (
				38DA823D264F7109008ED571 /* AppDelegate.swift */,
				3822BBD5265052190013135C /* HomeViewController.swift */,
				3822BBD7265052600013135C /* MenuViewController.swift */,
				38DA8241264F7109008ED571 /* ViewController.swift */,
				38DA8243264F7109008ED571 /* Main.storyboard */,
				38DA823F264F7109008ED571 /* art.scnassets */,
				38DA8246264F710B008ED571 /* Assets.xcassets */,
				38DA8248264F710B008ED571 /* LaunchScreen.storyboard */,
				38DA824B264F710B008ED571 /* Info.plist */,
			);
			path = dinAR;
			sourceTree = "<group>";
		};
/* End PBXGroup section */

/* Begin PBXNativeTarget section */
		38DA8239264F7109008ED571 /* dinAR */ = {
			isa = PBXNativeTarget;
			buildConfigurationList = 38DA824E264F710B008ED571 /* Build configuration list for PBXNativeTarget "dinAR" */;
			buildPhases = (
				38DA8236264F7109008ED571 /* Sources */,
				38DA8237264F7109008ED571 /* Frameworks */,
				38DA8238264F7109008ED571 /* Resources */,
			);
			buildRules = (
			);
			dependencies = (
			);
			name = dinAR;
			productName = dinAR;
			productReference = 38DA823A264F7109008ED571 /* dinAR.app */;
			productType = "com.apple.product-type.application";
		};
/* End PBXNativeTarget section */

/* Begin PBXProject section */
		38DA8232264F7109008ED571 /* Project object */ = {
			isa = PBXProject;
			attributes = {
				LastSwiftUpdateCheck = 1250;
				LastUpgradeCheck = 1250;
				TargetAttributes = {
					38DA8239264F7109008ED571 = {
						CreatedOnToolsVersion = 12.5;
					};
				};
			};
			buildConfigurationList = 38DA8235264F7109008ED571 /* Build configuration list for PBXProject "dinAR" */;
			compatibilityVersion = "Xcode 9.3";
			developmentRegion = en;
			hasScannedForEncodings = 0;
			knownRegions = (
				en,
				Base,
			);
			mainGroup = 38DA8231264F7109008ED571;
			productRefGroup = 38DA823B264F7109008ED571 /* Products */;
			projectDirPath = "";
			projectRoot = "";
			targets = (
				38DA8239264F7109008ED571 /* dinAR */,
			);
		};
/* End PBXProject section */

/* Begin PBXResourcesBuildPhase section */
		38DA8238264F7109008ED571 /* Resources */ = {
			isa = PBXResourcesBuildPhase;
			buildActionMask = 2147483647;
			files = (
				3822BBDF2650DE6C0013135C /* OFL.txt in Resources */,
				38DA8240264F7109008ED571 /* art.scnassets in Resources */,
				3822BBDE2650DE6C0013135C /* BerkshireSwash-Regular.ttf in Resources */,
				38DA824A264F710B008ED571 /* LaunchScreen.storyboard in Resources */,
				38DA8247264F710B008ED571 /* Assets.xcassets in Resources */,
				38DA8245264F7109008ED571 /* Main.storyboard in Resources */,
			);
			runOnlyForDeploymentPostprocessing = 0;
		};
/* End PBXResourcesBuildPhase section */

/* Begin PBXSourcesBuildPhase section */
		38DA8236264F7109008ED571 /* Sources */ = {
			isa = PBXSourcesBuildPhase;
			buildActionMask = 2147483647;
			files = (
				38DA8242264F7109008ED571 /* ViewController.swift in Sources */,
				38DA823E264F7109008ED571 /* AppDelegate.swift in Sources */,
				3822BBD6265052190013135C /* HomeViewController.swift in Sources */,
				3822BBD8265052600013135C /* MenuViewController.swift in Sources */,
			);
			runOnlyForDeploymentPostprocessing = 0;
		};
/* End PBXSourcesBuildPhase section */

/* Begin PBXVariantGroup section */
		38DA8243264F7109008ED571 /* Main.storyboard */ = {
			isa = PBXVariantGroup;
			children = (
				38DA8244264F7109008ED571 /* Base */,
			);
			name = Main.storyboard;
			sourceTree = "<group>";
		};
		38DA8248264F710B008ED571 /* LaunchScreen.storyboard */ = {
			isa = PBXVariantGroup;
			children = (
				38DA8249264F710B008ED571 /* Base */,
			);
			name = LaunchScreen.storyboard;
			sourceTree = "<group>";
		};
/* End PBXVariantGroup section */

/* Begin XCBuildConfiguration section */
		38DA824C264F710B008ED571 /* Debug */ = {
			isa = XCBuildConfiguration;
			buildSettings = {
				ALWAYS_SEARCH_USER_PATHS = NO;
				CLANG_ANALYZER_NONNULL = YES;
				CLANG_ANALYZER_NUMBER_OBJECT_CONVERSION = YES_AGGRESSIVE;
				CLANG_CXX_LANGUAGE_STANDARD = "gnu++14";
				CLANG_CXX_LIBRARY = "libc++";
				CLANG_ENABLE_MODULES = YES;
				CLANG_ENABLE_OBJC_ARC = YES;
				CLANG_ENABLE_OBJC_WEAK = YES;
				CLANG_WARN_BLOCK_CAPTURE_AUTORELEASING = YES;
				CLANG_WARN_BOOL_CONVERSION = YES;
				CLANG_WARN_COMMA = YES;
				CLANG_WARN_CONSTANT_CONVERSION = YES;
				CLANG_WARN_DEPRECATED_OBJC_IMPLEMENTATIONS = YES;
				CLANG_WARN_DIRECT_OBJC_ISA_USAGE = YES_ERROR;
				CLANG_WARN_DOCUMENTATION_COMMENTS = YES;
				CLANG_WARN_EMPTY_BODY = YES;
				CLANG_WARN_ENUM_CONVERSION = YES;
				CLANG_WARN_INFINITE_RECURSION = YES;
				CLANG_WARN_INT_CONVERSION = YES;
				CLANG_WARN_NON_LITERAL_NULL_CONVERSION = YES;
				CLANG_WARN_OBJC_IMPLICIT_RETAIN_SELF = YES;
				CLANG_WARN_OBJC_LITERAL_CONVERSION = YES;
				CLANG_WARN_OBJC_ROOT_CLASS = YES_ERROR;
				CLANG_WARN_QUOTED_INCLUDE_IN_FRAMEWORK_HEADER = YES;
				CLANG_WARN_RANGE_LOOP_ANALYSIS = YES;
				CLANG_WARN_STRICT_PROTOTYPES = YES;
				CLANG_WARN_SUSPICIOUS_MOVE = YES;
				CLANG_WARN_UNGUARDED_AVAILABILITY = YES_AGGRESSIVE;
				CLANG_WARN_UNREACHABLE_CODE = YES;
				CLANG_WARN__DUPLICATE_METHOD_MATCH = YES;
				COPY_PHASE_STRIP = NO;
				DEBUG_INFORMATION_FORMAT = dwarf;
				ENABLE_STRICT_OBJC_MSGSEND = YES;
				ENABLE_TESTABILITY = YES;
				GCC_C_LANGUAGE_STANDARD = gnu11;
				GCC_DYNAMIC_NO_PIC = NO;
				GCC_NO_COMMON_BLOCKS = YES;
				GCC_OPTIMIZATION_LEVEL = 0;
				GCC_PREPROCESSOR_DEFINITIONS = (
					"DEBUG=1",
					"$(inherited)",
				);
				GCC_WARN_64_TO_32_BIT_CONVERSION = YES;
				GCC_WARN_ABOUT_RETURN_TYPE = YES_ERROR;
				GCC_WARN_UNDECLARED_SELECTOR = YES;
				GCC_WARN_UNINITIALIZED_AUTOS = YES_AGGRESSIVE;
				GCC_WARN_UNUSED_FUNCTION = YES;
				GCC_WARN_UNUSED_VARIABLE = YES;
				IPHONEOS_DEPLOYMENT_TARGET = 13.0;
				MTL_ENABLE_DEBUG_INFO = INCLUDE_SOURCE;
				MTL_FAST_MATH = YES;
				ONLY_ACTIVE_ARCH = YES;
				SDKROOT = iphoneos;
				SWIFT_ACTIVE_COMPILATION_CONDITIONS = DEBUG;
				SWIFT_OPTIMIZATION_LEVEL = "-Onone";
			};
			name = Debug;
		};
		38DA824D264F710B008ED571 /* Release */ = {
			isa = XCBuildConfiguration;
			buildSettings = {
				ALWAYS_SEARCH_USER_PATHS = NO;
				CLANG_ANALYZER_NONNULL = YES;
				CLANG_ANALYZER_NUMBER_OBJECT_CONVERSION = YES_AGGRESSIVE;
				CLANG_CXX_LANGUAGE_STANDARD = "gnu++14";
				CLANG_CXX_LIBRARY = "libc++";
				CLANG_ENABLE_MODULES = YES;
				CLANG_ENABLE_OBJC_ARC = YES;
				CLANG_ENABLE_OBJC_WEAK = YES;
				CLANG_WARN_BLOCK_CAPTURE_AUTORELEASING = YES;
				CLANG_WARN_BOOL_CONVERSION = YES;
				CLANG_WARN_COMMA = YES;
				CLANG_WARN_CONSTANT_CONVERSION = YES;
				CLANG_WARN_DEPRECATED_OBJC_IMPLEMENTATIONS = YES;
				CLANG_WARN_DIRECT_OBJC_ISA_USAGE = YES_ERROR;
				CLANG_WARN_DOCUMENTATION_COMMENTS = YES;
				CLANG_WARN_EMPTY_BODY = YES;
				CLANG_WARN_ENUM_CONVERSION = YES;
				CLANG_WARN_INFINITE_RECURSION = YES;
				CLANG_WARN_INT_CONVERSION = YES;
				CLANG_WARN_NON_LITERAL_NULL_CONVERSION = YES;
				CLANG_WARN_OBJC_IMPLICIT_RETAIN_SELF = YES;
				CLANG_WARN_OBJC_LITERAL_CONVERSION = YES;
				CLANG_WARN_OBJC_ROOT_CLASS = YES_ERROR;
				CLANG_WARN_QUOTED_INCLUDE_IN_FRAMEWORK_HEADER = YES;
				CLANG_WARN_RANGE_LOOP_ANALYSIS = YES;
				CLANG_WARN_STRICT_PROTOTYPES = YES;
				CLANG_WARN_SUSPICIOUS_MOVE = YES;
				CLANG_WARN_UNGUARDED_AVAILABILITY = YES_AGGRESSIVE;
				CLANG_WARN_UNREACHABLE_CODE = YES;
				CLANG_WARN__DUPLICATE_METHOD_MATCH = YES;
				COPY_PHASE_STRIP = NO;
				DEBUG_INFORMATION_FORMAT = "dwarf-with-dsym";
				ENABLE_NS_ASSERTIONS = NO;
				ENABLE_STRICT_OBJC_MSGSEND = YES;
				GCC_C_LANGUAGE_STANDARD = gnu11;
				GCC_NO_COMMON_BLOCKS = YES;
				GCC_WARN_64_TO_32_BIT_CONVERSION = YES;
				GCC_WARN_ABOUT_RETURN_TYPE = YES_ERROR;
				GCC_WARN_UNDECLARED_SELECTOR = YES;
				GCC_WARN_UNINITIALIZED_AUTOS = YES_AGGRESSIVE;
				GCC_WARN_UNUSED_FUNCTION = YES;
				GCC_WARN_UNUSED_VARIABLE = YES;
				IPHONEOS_DEPLOYMENT_TARGET = 13.0;
				MTL_ENABLE_DEBUG_INFO = NO;
				MTL_FAST_MATH = YES;
				SDKROOT = iphoneos;
				SWIFT_COMPILATION_MODE = wholemodule;
				SWIFT_OPTIMIZATION_LEVEL = "-O";
				VALIDATE_PRODUCT = YES;
			};
			name = Release;
		};
		38DA824F264F710B008ED571 /* Debug */ = {
			isa = XCBuildConfiguration;
			buildSettings = {
				ASSETCATALOG_COMPILER_APPICON_NAME = AppIcon;
				ASSETCATALOG_COMPILER_GLOBAL_ACCENT_COLOR_NAME = AccentColor;
				CODE_SIGN_STYLE = Automatic;
				DEVELOPMENT_TEAM = 3RPV8PKBRA;
				INFOPLIST_FILE = dinAR/Info.plist;
				LD_RUNPATH_SEARCH_PATHS = (
					"$(inherited)",
					"@executable_path/Frameworks",
				);
				PRODUCT_BUNDLE_IDENTIFIER = com.aaryaman.dinAR;
				PRODUCT_NAME = "$(TARGET_NAME)";
				SWIFT_VERSION = 5.0;
				TARGETED_DEVICE_FAMILY = 1;
			};
			name = Debug;
		};
		38DA8250264F710B008ED571 /* Release */ = {
			isa = XCBuildConfiguration;
			buildSettings = {
				ASSETCATALOG_COMPILER_APPICON_NAME = AppIcon;
				ASSETCATALOG_COMPILER_GLOBAL_ACCENT_COLOR_NAME = AccentColor;
				CODE_SIGN_STYLE = Automatic;
				DEVELOPMENT_TEAM = 3RPV8PKBRA;
				INFOPLIST_FILE = dinAR/Info.plist;
				LD_RUNPATH_SEARCH_PATHS = (
					"$(inherited)",
					"@executable_path/Frameworks",
				);
				PRODUCT_BUNDLE_IDENTIFIER = com.aaryaman.dinAR;
				PRODUCT_NAME = "$(TARGET_NAME)";
				SWIFT_VERSION = 5.0;
				TARGETED_DEVICE_FAMILY = 1;
			};
			name = Release;
		};
/* End XCBuildConfiguration section */

/* Begin XCConfigurationList section */
		38DA8235264F7109008ED571 /* Build configuration list for PBXProject "dinAR" */ = {
			isa = XCConfigurationList;
			buildConfigurations = (
				38DA824C264F710B008ED571 /* Debug */,
				38DA824D264F710B008ED571 /* Release */,
			);
			defaultConfigurationIsVisible = 0;
			defaultConfigurationName = Release;
		};
		38DA824E264F710B008ED571 /* Build configuration list for PBXNativeTarget "dinAR" */ = {
			isa = XCConfigurationList;
			buildConfigurations = (
				38DA824F264F710B008ED571 /* Debug */,
				38DA8250264F710B008ED571 /* Release */,
			);
			defaultConfigurationIsVisible = 0;
			defaultConfigurationName = Release;
		};
/* End XCConfigurationList section */
	};
	rootObject = 38DA8232264F7109008ED571 /* Project object */;
}
